
Microsoft Visual Studio Solution File, Format Version 12.00
# Visual Studio 14
VisualStudioVersion = 14.0.25420.1
MinimumVisualStudioVersion = 10.0.40219.1
Project("{FAE04EC0-301F-11D3-BF4B-00C04F79EFBC}") = "ManagedDns", "ManagedDns\ManagedDns.csproj", "{3418B2CF-06FE-4F8A-B853-5063D5A77635}"
EndProject
Project("{FAE04EC0-301F-11D3-BF4B-00C04F79EFBC}") = "ManagedDns.Tests", "ManagedDns.Tests\ManagedDns.Tests.csproj", "{DC6AD6EE-77C0-4FBA-B959-AC9DD91FBF0C}"
EndProject
Global
	GlobalSection(SolutionConfigurationPlatforms) = preSolution
		Debug|Any CPU = Debug|Any CPU
		Release|Any CPU = Release|Any CPU
	EndGlobalSection
	GlobalSection(ProjectConfigurationPlatforms) = postSolution
		{3418B2CF-06FE-4F8A-B853-5063D5A77635}.Debug|Any CPU.ActiveCfg = Debug|Any CPU
		{3418B2CF-06FE-4F8A-B853-5063D5A77635}.Debug|Any CPU.Build.0 = Debug|Any CPU
		{3418B2CF-06FE-4F8A-B853-5063D5A77635}.Release|Any CPU.ActiveCfg = Release|Any CPU
		{3418B2CF-06FE-4F8A-B853-5063D5A77635}.Release|Any CPU.Build.0 = Release|Any CPU
		{DC6AD6EE-77C0-4FBA-B959-AC9DD91FBF0C}.Debug|Any CPU.ActiveCfg = Debug|Any CPU
		{DC6AD6EE-77C0-4FBA-B959-AC9DD91FBF0C}.Debug|Any CPU.Build.0 = Debug|Any CPU
		{DC6AD6EE-77C0-4FBA-B959-AC9DD91FBF0C}.Release|Any CPU.ActiveCfg = Release|Any CPU
		{DC6AD6EE-77C0-4FBA-B959-AC9DD91FBF0C}.Release|Any CPU.Build.0 = Release|Any CPU
	EndGlobalSection
	GlobalSection(SolutionProperties) = preSolution
		HideSolutionNode = FALSE
	EndGlobalSection
EndGlobal
